
Microsoft Visual Studio Solution File, Format Version 12.00
# Visual Studio Version 17
VisualStudioVersion = 17.6.33815.320
MinimumVisualStudioVersion = 10.0.40219.1
Project("{9A19103F-16F7-4668-BE54-9A1E7A4F7556}") = "AuthSystem", "AuthSystem.csproj", "{CA9471BD-28D9-4470-96D6-23B6899372B8}"
EndProject
Project("{2150E333-8FDC-42A3-9474-1A3956D46DE8}") = "Solution Items", "Solution Items", "{E3C65C49-3546-4F93-9172-2CA72F12B78A}"
	ProjectSection(SolutionItems) = preProject
		.editorconfig = .editorconfig
	EndProjectSection
EndProject
Global
	GlobalSection(SolutionConfigurationPlatforms) = preSolution
		Debug|Any CPU = Debug|Any CPU
		Release|Any CPU = Release|Any CPU
	EndGlobalSection
	GlobalSection(ProjectConfigurationPlatforms) = postSolution
		{CA9471BD-28D9-4470-96D6-23B6899372B8}.Debug|Any CPU.ActiveCfg = Debug|Any CPU
		{CA9471BD-28D9-4470-96D6-23B6899372B8}.Debug|Any CPU.Build.0 = Debug|Any CPU
		{CA9471BD-28D9-4470-96D6-23B6899372B8}.Release|Any CPU.ActiveCfg = Release|Any CPU
		{CA9471BD-28D9-4470-96D6-23B6899372B8}.Release|Any CPU.Build.0 = Release|Any CPU
	EndGlobalSection
	GlobalSection(SolutionProperties) = preSolution
		HideSolutionNode = FALSE
	EndGlobalSection
	GlobalSection(ExtensibilityGlobals) = postSolution
		SolutionGuid = {14876BAF-EB81-4814-953D-41868BDAE680}
	EndGlobalSection
EndGlobal
